
Microsoft Visual Studio Solution File, Format Version 12.00
# Visual Studio 2012
Project("{FAE04EC0-301F-11D3-BF4B-00C04F79EFBC}") = "CachingDemo", "CachingDemo\CachingDemo.csproj", "{185F96C8-6FE3-4419-870A-59B942CEA67F}"
EndProject
Global
	GlobalSection(SolutionConfigurationPlatforms) = preSolution
		Debug|Any CPU = Debug|Any CPU
		Release|Any CPU = Release|Any CPU
	EndGlobalSection
	GlobalSection(ProjectConfigurationPlatforms) = postSolution
		{185F96C8-6FE3-4419-870A-59B942CEA67F}.Debug|Any CPU.ActiveCfg = Debug|Any CPU
		{185F96C8-6FE3-4419-870A-59B942CEA67F}.Debug|Any CPU.Build.0 = Debug|Any CPU
		{185F96C8-6FE3-4419-870A-59B942CEA67F}.Release|Any CPU.ActiveCfg = Release|Any CPU
		{185F96C8-6FE3-4419-870A-59B942CEA67F}.Release|Any CPU.Build.0 = Release|Any CPU
	EndGlobalSection
EndGlobal
